
Microsoft Visual Studio Solution File, Format Version 12.00
# Visual Studio 2012
Project("{FAE04EC0-301F-11D3-BF4B-00C04F79EFBC}") = "Concord.App", "Concord.App\Concord.App.csproj", "{F4A29A8F-94D5-439C-A06F-07B63DA25DDB}"
EndProject
Project("{FAE04EC0-301F-11D3-BF4B-00C04F79EFBC}") = "Concord.Entities", "Concord.Entities\Concord.Entities.csproj", "{C8DAC001-6FAA-4FDB-8186-9AF1B6A205F2}"
EndProject
Project("{FAE04EC0-301F-11D3-BF4B-00C04F79EFBC}") = "Concord.DL", "Concord.DL\Concord.DL.csproj", "{93570A87-02DF-414B-87FC-96141A4307A5}"
EndProject
Global
	GlobalSection(SolutionConfigurationPlatforms) = preSolution
		Debug|Any CPU = Debug|Any CPU
		Release|Any CPU = Release|Any CPU
	EndGlobalSection
	GlobalSection(ProjectConfigurationPlatforms) = postSolution
		{F4A29A8F-94D5-439C-A06F-07B63DA25DDB}.Debug|Any CPU.ActiveCfg = Debug|Any CPU
		{F4A29A8F-94D5-439C-A06F-07B63DA25DDB}.Debug|Any CPU.Build.0 = Debug|Any CPU
		{F4A29A8F-94D5-439C-A06F-07B63DA25DDB}.Release|Any CPU.ActiveCfg = Release|Any CPU
		{F4A29A8F-94D5-439C-A06F-07B63DA25DDB}.Release|Any CPU.Build.0 = Release|Any CPU
		{C8DAC001-6FAA-4FDB-8186-9AF1B6A205F2}.Debug|Any CPU.ActiveCfg = Debug|Any CPU
		{C8DAC001-6FAA-4FDB-8186-9AF1B6A205F2}.Debug|Any CPU.Build.0 = Debug|Any CPU
		{C8DAC001-6FAA-4FDB-8186-9AF1B6A205F2}.Release|Any CPU.ActiveCfg = Release|Any CPU
		{C8DAC001-6FAA-4FDB-8186-9AF1B6A205F2}.Release|Any CPU.Build.0 = Release|Any CPU
		{93570A87-02DF-414B-87FC-96141A4307A5}.Debug|Any CPU.ActiveCfg = Debug|Any CPU
		{93570A87-02DF-414B-87FC-96141A4307A5}.Debug|Any CPU.Build.0 = Debug|Any CPU
		{93570A87-02DF-414B-87FC-96141A4307A5}.Release|Any CPU.ActiveCfg = Release|Any CPU
		{93570A87-02DF-414B-87FC-96141A4307A5}.Release|Any CPU.Build.0 = Release|Any CPU
	EndGlobalSection
	GlobalSection(SolutionProperties) = preSolution
		HideSolutionNode = FALSE
	EndGlobalSection
EndGlobal
